{
  "name": "lauraelvery.com",
  "version": "1.0.0",
  "lockfileVersion": 1,
  "requires": true,
  "dependencies": {
    "prettier": {
      "version": "2.0.5",
      "resolved": "https://registry.npmjs.org/prettier/-/prettier-2.0.5.tgz",
      "integrity": "sha512-7PtVymN48hGcO4fGjybyBSIWDsLU4H4XlvOHfq91pz9kkGlonzwTfYkaIEwiRg/dAJF9YlbsduBAgtYLi+8cFg==",
      "dev": true
    },
    "prettier-plugin-go-template": {
      "version": "0.0.4",
      "resolved": "https://registry.npmjs.org/prettier-plugin-go-template/-/prettier-plugin-go-template-0.0.4.tgz",
      "integrity": "sha512-24r5McHktrFspwBAi3LxPYNL5XN9kGG0telmodYqO8ZxkM6eQshhS2/Q9MYrkCDy4sdSnvjXK/AnHWhJ2a0A9w==",
      "dev": true
    }
  }
}
